// !$*UTF8*$!
{
	archiveVersion = 1;
	classes = {
	};
	objectVersion = 54;
	objects = {

/* Begin PBXBuildFile section */
		DE10019225B6143700E0E9D2 /* MoviEverisTests.swift in Sources */ = {isa = PBXBuildFile; fileRef = DE10019125B6143700E0E9D2 /* MoviEverisTests.swift */; };
		DE12ABD825A73C7A00F2E0C5 /* AppDelegate.swift in Sources */ = {isa = PBXBuildFile; fileRef = DE12ABD725A73C7A00F2E0C5 /* AppDelegate.swift */; };
		DE12ABDD25A73C7A00F2E0C5 /* Main.storyboard in Resources */ = {isa = PBXBuildFile; fileRef = DE12ABDB25A73C7A00F2E0C5 /* Main.storyboard */; };
		DE12ABDF25A73C7C00F2E0C5 /* Assets.xcassets in Resources */ = {isa = PBXBuildFile; fileRef = DE12ABDE25A73C7C00F2E0C5 /* Assets.xcassets */; };
		DE12ABE225A73C7C00F2E0C5 /* LaunchScreen.storyboard in Resources */ = {isa = PBXBuildFile; fileRef = DE12ABE025A73C7C00F2E0C5 /* LaunchScreen.storyboard */; };
		DE28C8A525A896440059625C /* FilmeCollectionViewCell.swift in Sources */ = {isa = PBXBuildFile; fileRef = DE28C8A425A896440059625C /* FilmeCollectionViewCell.swift */; };
		DE473B4F25B710FF00910F87 /* HomeViewData.swift in Sources */ = {isa = PBXBuildFile; fileRef = DE473B4E25B710FF00910F87 /* HomeViewData.swift */; };
		DE473B5725B7113700910F87 /* HomeViewModel.swift in Sources */ = {isa = PBXBuildFile; fileRef = DE473B5625B7113700910F87 /* HomeViewModel.swift */; };
		DE473B5B25B712C800910F87 /* DetalhesViewData.swift in Sources */ = {isa = PBXBuildFile; fileRef = DE473B5A25B712C800910F87 /* DetalhesViewData.swift */; };
		DE473B5F25B712D300910F87 /* DetalhesViewModel.swift in Sources */ = {isa = PBXBuildFile; fileRef = DE473B5E25B712D300910F87 /* DetalhesViewModel.swift */; };
		DE473B6325B712EF00910F87 /* FilmeCollectionViewCellModel.swift in Sources */ = {isa = PBXBuildFile; fileRef = DE473B6225B712EF00910F87 /* FilmeCollectionViewCellModel.swift */; };
		DE473B8325B751D300910F87 /* Accessibility.swift in Sources */ = {isa = PBXBuildFile; fileRef = DE473B8225B751D300910F87 /* Accessibility.swift */; };
		DEAE9F0725AE13AA00B734AE /* Bindable.swift in Sources */ = {isa = PBXBuildFile; fileRef = DEAE9F0625AE13AA00B734AE /* Bindable.swift */; };
		DEAE9F0C25AE151F00B734AE /* Filme.swift in Sources */ = {isa = PBXBuildFile; fileRef = DEAE9F0B25AE151F00B734AE /* Filme.swift */; };
		DEAE9F0F25AE158600B734AE /* MovieService.swift in Sources */ = {isa = PBXBuildFile; fileRef = DEAE9F0E25AE158600B734AE /* MovieService.swift */; };
		DEAE9F3A25AE331500B734AE /* HomeViewController.swift in Sources */ = {isa = PBXBuildFile; fileRef = DEAE9F3925AE331500B734AE /* HomeViewController.swift */; };
		DEAE9F3D25AE359000B734AE /* DetailMovieViewController.swift in Sources */ = {isa = PBXBuildFile; fileRef = DEAE9F3C25AE359000B734AE /* DetailMovieViewController.swift */; };
		DEAE9F4025AE3C9500B734AE /* FilmeLista.swift in Sources */ = {isa = PBXBuildFile; fileRef = DEAE9F3F25AE3C9500B734AE /* FilmeLista.swift */; };
		DEAE9F4A25AF23BA00B734AE /* FilmeSimples.swift in Sources */ = {isa = PBXBuildFile; fileRef = DEAE9F4925AF23BA00B734AE /* FilmeSimples.swift */; };
/* End PBXBuildFile section */

/* Begin PBXContainerItemProxy section */
		DE10019425B6143700E0E9D2 /* PBXContainerItemProxy */ = {
			isa = PBXContainerItemProxy;
			containerPortal = DE12ABCC25A73C7A00F2E0C5 /* Project object */;
			proxyType = 1;
			remoteGlobalIDString = DE12ABD325A73C7A00F2E0C5;
			remoteInfo = MoviEveris;
		};
/* End PBXContainerItemProxy section */

/* Begin PBXFileReference section */
		D1F3554FA89CD400E7E6DB29 /* Pods-MoviEveris.debug.xcconfig */ = {isa = PBXFileReference; includeInIndex = 1; lastKnownFileType = text.xcconfig; name = "Pods-MoviEveris.debug.xcconfig"; path = "Target Support Files/Pods-MoviEveris/Pods-MoviEveris.debug.xcconfig"; sourceTree = "<group>"; };
		DE10018F25B6143700E0E9D2 /* MoviEverisTests.xctest */ = {isa = PBXFileReference; explicitFileType = wrapper.cfbundle; includeInIndex = 0; path = MoviEverisTests.xctest; sourceTree = BUILT_PRODUCTS_DIR; };
		DE10019125B6143700E0E9D2 /* MoviEverisTests.swift */ = {isa = PBXFileReference; lastKnownFileType = sourcecode.swift; path = MoviEverisTests.swift; sourceTree = "<group>"; };
		DE10019325B6143700E0E9D2 /* Info.plist */ = {isa = PBXFileReference; lastKnownFileType = text.plist.xml; path = Info.plist; sourceTree = "<group>"; };
		DE12ABD425A73C7A00F2E0C5 /* MoviEveris.app */ = {isa = PBXFileReference; explicitFileType = wrapper.application; includeInIndex = 0; path = MoviEveris.app; sourceTree = BUILT_PRODUCTS_DIR; };
		DE12ABD725A73C7A00F2E0C5 /* AppDelegate.swift */ = {isa = PBXFileReference; lastKnownFileType = sourcecode.swift; path = AppDelegate.swift; sourceTree = "<group>"; };
		DE12ABDC25A73C7A00F2E0C5 /* Base */ = {isa = PBXFileReference; lastKnownFileType = file.storyboard; name = Base; path = Base.lproj/Main.storyboard; sourceTree = "<group>"; };
		DE12ABDE25A73C7C00F2E0C5 /* Assets.xcassets */ = {isa = PBXFileReference; lastKnownFileType = folder.assetcatalog; path = Assets.xcassets; sourceTree = "<group>"; };
		DE12ABE125A73C7C00F2E0C5 /* Base */ = {isa = PBXFileReference; lastKnownFileType = file.storyboard; name = Base; path = Base.lproj/LaunchScreen.storyboard; sourceTree = "<group>"; };
		DE12ABE325A73C7C00F2E0C5 /* Info.plist */ = {isa = PBXFileReference; lastKnownFileType = text.plist.xml; path = Info.plist; sourceTree = "<group>"; };
		DE28C8A425A896440059625C /* FilmeCollectionViewCell.swift */ = {isa = PBXFileReference; lastKnownFileType = sourcecode.swift; path = FilmeCollectionViewCell.swift; sourceTree = "<group>"; };
		DE473B4E25B710FF00910F87 /* HomeViewData.swift */ = {isa = PBXFileReference; lastKnownFileType = sourcecode.swift; path = HomeViewData.swift; sourceTree = "<group>"; };
		DE473B5625B7113700910F87 /* HomeViewModel.swift */ = {isa = PBXFileReference; lastKnownFileType = sourcecode.swift; path = HomeViewModel.swift; sourceTree = "<group>"; };
		DE473B5A25B712C800910F87 /* DetalhesViewData.swift */ = {isa = PBXFileReference; lastKnownFileType = sourcecode.swift; path = DetalhesViewData.swift; sourceTree = "<group>"; };
		DE473B5E25B712D300910F87 /* DetalhesViewModel.swift */ = {isa = PBXFileReference; lastKnownFileType = sourcecode.swift; path = DetalhesViewModel.swift; sourceTree = "<group>"; };
		DE473B6225B712EF00910F87 /* FilmeCollectionViewCellModel.swift */ = {isa = PBXFileReference; lastKnownFileType = sourcecode.swift; path = FilmeCollectionViewCellModel.swift; sourceTree = "<group>"; };
		DE473B8225B751D300910F87 /* Accessibility.swift */ = {isa = PBXFileReference; lastKnownFileType = sourcecode.swift; path = Accessibility.swift; sourceTree = "<group>"; };
		DEAE9F0625AE13AA00B734AE /* Bindable.swift */ = {isa = PBXFileReference; lastKnownFileType = sourcecode.swift; path = Bindable.swift; sourceTree = "<group>"; };
		DEAE9F0B25AE151F00B734AE /* Filme.swift */ = {isa = PBXFileReference; lastKnownFileType = sourcecode.swift; path = Filme.swift; sourceTree = "<group>"; };
		DEAE9F0E25AE158600B734AE /* MovieService.swift */ = {isa = PBXFileReference; lastKnownFileType = sourcecode.swift; path = MovieService.swift; sourceTree = "<group>"; };
		DEAE9F3925AE331500B734AE /* HomeViewController.swift */ = {isa = PBXFileReference; lastKnownFileType = sourcecode.swift; path = HomeViewController.swift; sourceTree = "<group>"; };
		DEAE9F3C25AE359000B734AE /* DetailMovieViewController.swift */ = {isa = PBXFileReference; lastKnownFileType = sourcecode.swift; path = DetailMovieViewController.swift; sourceTree = "<group>"; };
		DEAE9F3F25AE3C9500B734AE /* FilmeLista.swift */ = {isa = PBXFileReference; lastKnownFileType = sourcecode.swift; path = FilmeLista.swift; sourceTree = "<group>"; };
		DEAE9F4925AF23BA00B734AE /* FilmeSimples.swift */ = {isa = PBXFileReference; lastKnownFileType = sourcecode.swift; path = FilmeSimples.swift; sourceTree = "<group>"; };
		F9DD6F9BE6823B02E76290F2 /* Pods-MoviEveris.release.xcconfig */ = {isa = PBXFileReference; includeInIndex = 1; lastKnownFileType = text.xcconfig; name = "Pods-MoviEveris.release.xcconfig"; path = "Target Support Files/Pods-MoviEveris/Pods-MoviEveris.release.xcconfig"; sourceTree = "<group>"; };
/* End PBXFileReference section */

/* Begin PBXFrameworksBuildPhase section */
		DE10018C25B6143700E0E9D2 /* Frameworks */ = {
			isa = PBXFrameworksBuildPhase;
			buildActionMask = 2147483647;
			files = (
			);
			runOnlyForDeploymentPostprocessing = 0;
		};
		DE12ABD125A73C7A00F2E0C5 /* Frameworks */ = {
			isa = PBXFrameworksBuildPhase;
			buildActionMask = 2147483647;
			files = (
			);
			runOnlyForDeploymentPostprocessing = 0;
		};
/* End PBXFrameworksBuildPhase section */

/* Begin PBXGroup section */
		242DE31E612BD9BB8C4C4987 /* Pods */ = {
			isa = PBXGroup;
			children = (
				D1F3554FA89CD400E7E6DB29 /* Pods-MoviEveris.debug.xcconfig */,
				F9DD6F9BE6823B02E76290F2 /* Pods-MoviEveris.release.xcconfig */,
			);
			path = Pods;
			sourceTree = "<group>";
		};
		DE10019025B6143700E0E9D2 /* MoviEverisTests */ = {
			isa = PBXGroup;
			children = (
				DE10019125B6143700E0E9D2 /* MoviEverisTests.swift */,
				DE10019325B6143700E0E9D2 /* Info.plist */,
			);
			path = MoviEverisTests;
			sourceTree = "<group>";
		};
		DE12ABCB25A73C7A00F2E0C5 = {
			isa = PBXGroup;
			children = (
				DE12ABD625A73C7A00F2E0C5 /* MoviEveris */,
				DE10019025B6143700E0E9D2 /* MoviEverisTests */,
				DE12ABD525A73C7A00F2E0C5 /* Products */,
				242DE31E612BD9BB8C4C4987 /* Pods */,
			);
			sourceTree = "<group>";
		};
		DE12ABD525A73C7A00F2E0C5 /* Products */ = {
			isa = PBXGroup;
			children = (
				DE12ABD425A73C7A00F2E0C5 /* MoviEveris.app */,
				DE10018F25B6143700E0E9D2 /* MoviEverisTests.xctest */,
			);
			name = Products;
			sourceTree = "<group>";
		};
		DE12ABD625A73C7A00F2E0C5 /* MoviEveris */ = {
			isa = PBXGroup;
			children = (
				DEAE9F0525AE134700B734AE /* Application */,
				DE12ABE925A73E1700F2E0C5 /* Views */,
				DEAE9F4D25AF26D200B734AE /* ViewModel */,
				DE12ABEB25A73E2B00F2E0C5 /* Models */,
				DEAE9F0025AE12E800B734AE /* Core */,
				DEAE9EFD25AE128C00B734AE /* Services */,
				DEAE9EFF25AE12D900B734AE /* Helpers */,
				DE12ABDE25A73C7C00F2E0C5 /* Assets.xcassets */,
			);
			path = MoviEveris;
			sourceTree = "<group>";
		};
		DE12ABE925A73E1700F2E0C5 /* Views */ = {
			isa = PBXGroup;
			children = (
				DE12ABDB25A73C7A00F2E0C5 /* Main.storyboard */,
				DE28C8A425A896440059625C /* FilmeCollectionViewCell.swift */,
				DEAE9F3925AE331500B734AE /* HomeViewController.swift */,
				DEAE9F3C25AE359000B734AE /* DetailMovieViewController.swift */,
				DE473B8225B751D300910F87 /* Accessibility.swift */,
			);
			path = Views;
			sourceTree = "<group>";
		};
		DE12ABEB25A73E2B00F2E0C5 /* Models */ = {
			isa = PBXGroup;
			children = (
				DEAE9F0B25AE151F00B734AE /* Filme.swift */,
				DEAE9F3F25AE3C9500B734AE /* FilmeLista.swift */,
			);
			path = Models;
			sourceTree = "<group>";
		};
		DEAE9EFD25AE128C00B734AE /* Services */ = {
			isa = PBXGroup;
			children = (
				DEAE9F0E25AE158600B734AE /* MovieService.swift */,
			);
			path = Services;
			sourceTree = "<group>";
		};
		DEAE9EFF25AE12D900B734AE /* Helpers */ = {
			isa = PBXGroup;
			children = (
			);
			path = Helpers;
			sourceTree = "<group>";
		};
		DEAE9F0025AE12E800B734AE /* Core */ = {
			isa = PBXGroup;
			children = (
				DEAE9F0625AE13AA00B734AE /* Bindable.swift */,
			);
			path = Core;
			sourceTree = "<group>";
		};
		DEAE9F0525AE134700B734AE /* Application */ = {
			isa = PBXGroup;
			children = (
				DE12ABD725A73C7A00F2E0C5 /* AppDelegate.swift */,
				DE12ABE025A73C7C00F2E0C5 /* LaunchScreen.storyboard */,
				DE12ABE325A73C7C00F2E0C5 /* Info.plist */,
			);
			path = Application;
			sourceTree = "<group>";
		};
		DEAE9F4D25AF26D200B734AE /* ViewModel */ = {
			isa = PBXGroup;
			children = (
				DE473B4E25B710FF00910F87 /* HomeViewData.swift */,
				DE473B5625B7113700910F87 /* HomeViewModel.swift */,
				DE473B5A25B712C800910F87 /* DetalhesViewData.swift */,
				DE473B5E25B712D300910F87 /* DetalhesViewModel.swift */,
				DE473B6225B712EF00910F87 /* FilmeCollectionViewCellModel.swift */,
				DEAE9F4925AF23BA00B734AE /* FilmeSimples.swift */,
			);
			path = ViewModel;
			sourceTree = "<group>";
		};
/* End PBXGroup section */

/* Begin PBXNativeTarget section */
		DE10018E25B6143700E0E9D2 /* MoviEverisTests */ = {
			isa = PBXNativeTarget;
			buildConfigurationList = DE10019625B6143700E0E9D2 /* Build configuration list for PBXNativeTarget "MoviEverisTests" */;
			buildPhases = (
				DE10018B25B6143700E0E9D2 /* Sources */,
				DE10018C25B6143700E0E9D2 /* Frameworks */,
				DE10018D25B6143700E0E9D2 /* Resources */,
			);
			buildRules = (
			);
			dependencies = (
				DE10019525B6143700E0E9D2 /* PBXTargetDependency */,
			);
			name = MoviEverisTests;
			productName = MoviEverisTests;
			productReference = DE10018F25B6143700E0E9D2 /* MoviEverisTests.xctest */;
			productType = "com.apple.product-type.bundle.unit-test";
		};
		DE12ABD325A73C7A00F2E0C5 /* MoviEveris */ = {
			isa = PBXNativeTarget;
			buildConfigurationList = DE12ABE625A73C7C00F2E0C5 /* Build configuration list for PBXNativeTarget "MoviEveris" */;
			buildPhases = (
				621CF1D8B554A36988D2F098 /* [CP] Check Pods Manifest.lock */,
				DE12ABD025A73C7A00F2E0C5 /* Sources */,
				DE12ABD125A73C7A00F2E0C5 /* Frameworks */,
				DE12ABD225A73C7A00F2E0C5 /* Resources */,
				1D44EE847D23FC00B5049003 /* [CP] Embed Pods Frameworks */,
				DE473B8925B769E800910F87 /* ShellScript */,
			);
			buildRules = (
			);
			dependencies = (
			);
			name = MoviEveris;
			productName = MoviEveris;
			productReference = DE12ABD425A73C7A00F2E0C5 /* MoviEveris.app */;
			productType = "com.apple.product-type.application";
		};
/* End PBXNativeTarget section */

/* Begin PBXProject section */
		DE12ABCC25A73C7A00F2E0C5 /* Project object */ = {
			isa = PBXProject;
			attributes = {
				LastSwiftUpdateCheck = 1230;
				LastUpgradeCheck = 1230;
				ORGANIZATIONNAME = "Mathias Almeida Nonohay";
				TargetAttributes = {
					DE10018E25B6143700E0E9D2 = {
						CreatedOnToolsVersion = 12.3;
						TestTargetID = DE12ABD325A73C7A00F2E0C5;
					};
					DE12ABD325A73C7A00F2E0C5 = {
						CreatedOnToolsVersion = 10.1;
						LastSwiftMigration = 1230;
					};
				};
			};
			buildConfigurationList = DE12ABCF25A73C7A00F2E0C5 /* Build configuration list for PBXProject "MoviEveris" */;
			compatibilityVersion = "Xcode 9.3";
			developmentRegion = en;
			hasScannedForEncodings = 0;
			knownRegions = (
				en,
				Base,
			);
			mainGroup = DE12ABCB25A73C7A00F2E0C5;
			productRefGroup = DE12ABD525A73C7A00F2E0C5 /* Products */;
			projectDirPath = "";
			projectRoot = "";
			targets = (
				DE12ABD325A73C7A00F2E0C5 /* MoviEveris */,
				DE10018E25B6143700E0E9D2 /* MoviEverisTests */,
			);
		};
/* End PBXProject section */

/* Begin PBXResourcesBuildPhase section */
		DE10018D25B6143700E0E9D2 /* Resources */ = {
			isa = PBXResourcesBuildPhase;
			buildActionMask = 2147483647;
			files = (
			);
			runOnlyForDeploymentPostprocessing = 0;
		};
		DE12ABD225A73C7A00F2E0C5 /* Resources */ = {
			isa = PBXResourcesBuildPhase;
			buildActionMask = 2147483647;
			files = (
				DE12ABE225A73C7C00F2E0C5 /* LaunchScreen.storyboard in Resources */,
				DE12ABDF25A73C7C00F2E0C5 /* Assets.xcassets in Resources */,
				DE12ABDD25A73C7A00F2E0C5 /* Main.storyboard in Resources */,
			);
			runOnlyForDeploymentPostprocessing = 0;
		};
/* End PBXResourcesBuildPhase section */

/* Begin PBXShellScriptBuildPhase section */
		1D44EE847D23FC00B5049003 /* [CP] Embed Pods Frameworks */ = {
			isa = PBXShellScriptBuildPhase;
			buildActionMask = 2147483647;
			files = (
			);
			inputFileListPaths = (
				"${PODS_ROOT}/Target Support Files/Pods-MoviEveris/Pods-MoviEveris-frameworks-${CONFIGURATION}-input-files.xcfilelist",
			);
			name = "[CP] Embed Pods Frameworks";
			outputFileListPaths = (
				"${PODS_ROOT}/Target Support Files/Pods-MoviEveris/Pods-MoviEveris-frameworks-${CONFIGURATION}-output-files.xcfilelist",
			);
			runOnlyForDeploymentPostprocessing = 0;
			shellPath = /bin/sh;
			shellScript = "\"${PODS_ROOT}/Target Support Files/Pods-MoviEveris/Pods-MoviEveris-frameworks.sh\"\n";
			showEnvVarsInLog = 0;
		};
		621CF1D8B554A36988D2F098 /* [CP] Check Pods Manifest.lock */ = {
			isa = PBXShellScriptBuildPhase;
			buildActionMask = 2147483647;
			files = (
			);
			inputFileListPaths = (
			);
			inputPaths = (
				"${PODS_PODFILE_DIR_PATH}/Podfile.lock",
				"${PODS_ROOT}/Manifest.lock",
			);
			name = "[CP] Check Pods Manifest.lock";
			outputFileListPaths = (
			);
			outputPaths = (
				"$(DERIVED_FILE_DIR)/Pods-MoviEveris-checkManifestLockResult.txt",
			);
			runOnlyForDeploymentPostprocessing = 0;
			shellPath = /bin/sh;
			shellScript = "diff \"${PODS_PODFILE_DIR_PATH}/Podfile.lock\" \"${PODS_ROOT}/Manifest.lock\" > /dev/null\nif [ $? != 0 ] ; then\n    # print error to STDERR\n    echo \"error: The sandbox is not in sync with the Podfile.lock. Run 'pod install' or update your CocoaPods installation.\" >&2\n    exit 1\nfi\n# This output is used by Xcode 'outputs' to avoid re-running this script phase.\necho \"SUCCESS\" > \"${SCRIPT_OUTPUT_FILE_0}\"\n";
			showEnvVarsInLog = 0;
		};
		DE473B8925B769E800910F87 /* ShellScript */ = {
			isa = PBXShellScriptBuildPhase;
			alwaysOutOfDate = 1;
			buildActionMask = 8;
			files = (
			);
			inputFileListPaths = (
			);
			inputPaths = (
			);
			outputFileListPaths = (
			);
			outputPaths = (
			);
			runOnlyForDeploymentPostprocessing = 1;
			shellPath = /bin/sh;
			shellScript = "if which swiftlint >/dev/null; then\n  swiftlint\nelse\n  echo \"warning: SwiftLint not installed, download from https://github.com/realm/SwiftLint\"\nfi\n";
		};
/* End PBXShellScriptBuildPhase section */

/* Begin PBXSourcesBuildPhase section */
		DE10018B25B6143700E0E9D2 /* Sources */ = {
			isa = PBXSourcesBuildPhase;
			buildActionMask = 2147483647;
			files = (
				DE10019225B6143700E0E9D2 /* MoviEverisTests.swift in Sources */,
			);
			runOnlyForDeploymentPostprocessing = 0;
		};
		DE12ABD025A73C7A00F2E0C5 /* Sources */ = {
			isa = PBXSourcesBuildPhase;
			buildActionMask = 2147483647;
			files = (
				DEAE9F0725AE13AA00B734AE /* Bindable.swift in Sources */,
				DE473B5725B7113700910F87 /* HomeViewModel.swift in Sources */,
				DE473B6325B712EF00910F87 /* FilmeCollectionViewCellModel.swift in Sources */,
				DE473B5F25B712D300910F87 /* DetalhesViewModel.swift in Sources */,
				DE12ABD825A73C7A00F2E0C5 /* AppDelegate.swift in Sources */,
				DE28C8A525A896440059625C /* FilmeCollectionViewCell.swift in Sources */,
				DEAE9F3A25AE331500B734AE /* HomeViewController.swift in Sources */,
				DE473B8325B751D300910F87 /* Accessibility.swift in Sources */,
				DEAE9F0F25AE158600B734AE /* MovieService.swift in Sources */,
				DE473B4F25B710FF00910F87 /* HomeViewData.swift in Sources */,
				DEAE9F0C25AE151F00B734AE /* Filme.swift in Sources */,
				DE473B5B25B712C800910F87 /* DetalhesViewData.swift in Sources */,
				DEAE9F4A25AF23BA00B734AE /* FilmeSimples.swift in Sources */,
				DEAE9F4025AE3C9500B734AE /* FilmeLista.swift in Sources */,
				DEAE9F3D25AE359000B734AE /* DetailMovieViewController.swift in Sources */,
			);
			runOnlyForDeploymentPostprocessing = 0;
		};
/* End PBXSourcesBuildPhase section */

/* Begin PBXTargetDependency section */
		DE10019525B6143700E0E9D2 /* PBXTargetDependency */ = {
			isa = PBXTargetDependency;
			target = DE12ABD325A73C7A00F2E0C5 /* MoviEveris */;
			targetProxy = DE10019425B6143700E0E9D2 /* PBXContainerItemProxy */;
		};
/* End PBXTargetDependency section */

/* Begin PBXVariantGroup section */
		DE12ABDB25A73C7A00F2E0C5 /* Main.storyboard */ = {
			isa = PBXVariantGroup;
			children = (
				DE12ABDC25A73C7A00F2E0C5 /* Base */,
			);
			name = Main.storyboard;
			sourceTree = "<group>";
		};
		DE12ABE025A73C7C00F2E0C5 /* LaunchScreen.storyboard */ = {
			isa = PBXVariantGroup;
			children = (
				DE12ABE125A73C7C00F2E0C5 /* Base */,
			);
			name = LaunchScreen.storyboard;
			sourceTree = "<group>";
		};
/* End PBXVariantGroup section */

/* Begin XCBuildConfiguration section */
		DE10019725B6143700E0E9D2 /* Debug */ = {
			isa = XCBuildConfiguration;
			buildSettings = {
				BUNDLE_LOADER = "$(TEST_HOST)";
				CODE_SIGN_STYLE = Automatic;
				INFOPLIST_FILE = MoviEverisTests/Info.plist;
				IPHONEOS_DEPLOYMENT_TARGET = 14.3;
				LD_RUNPATH_SEARCH_PATHS = (
					"$(inherited)",
					"@executable_path/Frameworks",
					"@loader_path/Frameworks",
				);
				PRODUCT_BUNDLE_IDENTIFIER = com.br.mathias.MoviEverisTests;
				PRODUCT_NAME = "$(TARGET_NAME)";
				SWIFT_VERSION = 5.0;
				TARGETED_DEVICE_FAMILY = "1,2";
				TEST_HOST = "$(BUILT_PRODUCTS_DIR)/MoviEveris.app/MoviEveris";
			};
			name = Debug;
		};
		DE10019825B6143700E0E9D2 /* Release */ = {
			isa = XCBuildConfiguration;
			buildSettings = {
				BUNDLE_LOADER = "$(TEST_HOST)";
				CODE_SIGN_STYLE = Automatic;
				INFOPLIST_FILE = MoviEverisTests/Info.plist;
				IPHONEOS_DEPLOYMENT_TARGET = 14.3;
				LD_RUNPATH_SEARCH_PATHS = (
					"$(inherited)",
					"@executable_path/Frameworks",
					"@loader_path/Frameworks",
				);
				PRODUCT_BUNDLE_IDENTIFIER = com.br.mathias.MoviEverisTests;
				PRODUCT_NAME = "$(TARGET_NAME)";
				SWIFT_VERSION = 5.0;
				TARGETED_DEVICE_FAMILY = "1,2";
				TEST_HOST = "$(BUILT_PRODUCTS_DIR)/MoviEveris.app/MoviEveris";
			};
			name = Release;
		};
		DE12ABE425A73C7C00F2E0C5 /* Debug */ = {
			isa = XCBuildConfiguration;
			buildSettings = {
				ALWAYS_SEARCH_USER_PATHS = NO;
				CLANG_ANALYZER_NONNULL = YES;
				CLANG_ANALYZER_NUMBER_OBJECT_CONVERSION = YES_AGGRESSIVE;
				CLANG_CXX_LANGUAGE_STANDARD = "gnu++14";
				CLANG_CXX_LIBRARY = "libc++";
				CLANG_ENABLE_MODULES = YES;
				CLANG_ENABLE_OBJC_ARC = YES;
				CLANG_ENABLE_OBJC_WEAK = YES;
				CLANG_WARN_BLOCK_CAPTURE_AUTORELEASING = YES;
				CLANG_WARN_BOOL_CONVERSION = YES;
				CLANG_WARN_COMMA = YES;
				CLANG_WARN_CONSTANT_CONVERSION = YES;
				CLANG_WARN_DEPRECATED_OBJC_IMPLEMENTATIONS = YES;
				CLANG_WARN_DIRECT_OBJC_ISA_USAGE = YES_ERROR;
				CLANG_WARN_DOCUMENTATION_COMMENTS = YES;
				CLANG_WARN_EMPTY_BODY = YES;
				CLANG_WARN_ENUM_CONVERSION = YES;
				CLANG_WARN_INFINITE_RECURSION = YES;
				CLANG_WARN_INT_CONVERSION = YES;
				CLANG_WARN_NON_LITERAL_NULL_CONVERSION = YES;
				CLANG_WARN_OBJC_IMPLICIT_RETAIN_SELF = YES;
				CLANG_WARN_OBJC_LITERAL_CONVERSION = YES;
				CLANG_WARN_OBJC_ROOT_CLASS = YES_ERROR;
				CLANG_WARN_QUOTED_INCLUDE_IN_FRAMEWORK_HEADER = YES;
				CLANG_WARN_RANGE_LOOP_ANALYSIS = YES;
				CLANG_WARN_STRICT_PROTOTYPES = YES;
				CLANG_WARN_SUSPICIOUS_MOVE = YES;
				CLANG_WARN_UNGUARDED_AVAILABILITY = YES_AGGRESSIVE;
				CLANG_WARN_UNREACHABLE_CODE = YES;
				CLANG_WARN__DUPLICATE_METHOD_MATCH = YES;
				CODE_SIGN_IDENTITY = "iPhone Developer";
				COPY_PHASE_STRIP = NO;
				DEBUG_INFORMATION_FORMAT = dwarf;
				ENABLE_STRICT_OBJC_MSGSEND = YES;
				ENABLE_TESTABILITY = YES;
				GCC_C_LANGUAGE_STANDARD = gnu11;
				GCC_DYNAMIC_NO_PIC = NO;
				GCC_NO_COMMON_BLOCKS = YES;
				GCC_OPTIMIZATION_LEVEL = 0;
				GCC_PREPROCESSOR_DEFINITIONS = (
					"DEBUG=1",
					"$(inherited)",
				);
				GCC_WARN_64_TO_32_BIT_CONVERSION = YES;
				GCC_WARN_ABOUT_RETURN_TYPE = YES_ERROR;
				GCC_WARN_UNDECLARED_SELECTOR = YES;
				GCC_WARN_UNINITIALIZED_AUTOS = YES_AGGRESSIVE;
				GCC_WARN_UNUSED_FUNCTION = YES;
				GCC_WARN_UNUSED_VARIABLE = YES;
				IPHONEOS_DEPLOYMENT_TARGET = 12.1;
				MTL_ENABLE_DEBUG_INFO = INCLUDE_SOURCE;
				MTL_FAST_MATH = YES;
				ONLY_ACTIVE_ARCH = YES;
				SDKROOT = iphoneos;
				SWIFT_ACTIVE_COMPILATION_CONDITIONS = DEBUG;
				SWIFT_OPTIMIZATION_LEVEL = "-Onone";
			};
			name = Debug;
		};
		DE12ABE525A73C7C00F2E0C5 /* Release */ = {
			isa = XCBuildConfiguration;
			buildSettings = {
				ALWAYS_SEARCH_USER_PATHS = NO;
				CLANG_ANALYZER_NONNULL = YES;
				CLANG_ANALYZER_NUMBER_OBJECT_CONVERSION = YES_AGGRESSIVE;
				CLANG_CXX_LANGUAGE_STANDARD = "gnu++14";
				CLANG_CXX_LIBRARY = "libc++";
				CLANG_ENABLE_MODULES = YES;
				CLANG_ENABLE_OBJC_ARC = YES;
				CLANG_ENABLE_OBJC_WEAK = YES;
				CLANG_WARN_BLOCK_CAPTURE_AUTORELEASING = YES;
				CLANG_WARN_BOOL_CONVERSION = YES;
				CLANG_WARN_COMMA = YES;
				CLANG_WARN_CONSTANT_CONVERSION = YES;
				CLANG_WARN_DEPRECATED_OBJC_IMPLEMENTATIONS = YES;
				CLANG_WARN_DIRECT_OBJC_ISA_USAGE = YES_ERROR;
				CLANG_WARN_DOCUMENTATION_COMMENTS = YES;
				CLANG_WARN_EMPTY_BODY = YES;
				CLANG_WARN_ENUM_CONVERSION = YES;
				CLANG_WARN_INFINITE_RECURSION = YES;
				CLANG_WARN_INT_CONVERSION = YES;
				CLANG_WARN_NON_LITERAL_NULL_CONVERSION = YES;
				CLANG_WARN_OBJC_IMPLICIT_RETAIN_SELF = YES;
				CLANG_WARN_OBJC_LITERAL_CONVERSION = YES;
				CLANG_WARN_OBJC_ROOT_CLASS = YES_ERROR;
				CLANG_WARN_QUOTED_INCLUDE_IN_FRAMEWORK_HEADER = YES;
				CLANG_WARN_RANGE_LOOP_ANALYSIS = YES;
				CLANG_WARN_STRICT_PROTOTYPES = YES;
				CLANG_WARN_SUSPICIOUS_MOVE = YES;
				CLANG_WARN_UNGUARDED_AVAILABILITY = YES_AGGRESSIVE;
				CLANG_WARN_UNREACHABLE_CODE = YES;
				CLANG_WARN__DUPLICATE_METHOD_MATCH = YES;
				CODE_SIGN_IDENTITY = "iPhone Developer";
				COPY_PHASE_STRIP = NO;
				DEBUG_INFORMATION_FORMAT = "dwarf-with-dsym";
				ENABLE_NS_ASSERTIONS = NO;
				ENABLE_STRICT_OBJC_MSGSEND = YES;
				GCC_C_LANGUAGE_STANDARD = gnu11;
				GCC_NO_COMMON_BLOCKS = YES;
				GCC_WARN_64_TO_32_BIT_CONVERSION = YES;
				GCC_WARN_ABOUT_RETURN_TYPE = YES_ERROR;
				GCC_WARN_UNDECLARED_SELECTOR = YES;
				GCC_WARN_UNINITIALIZED_AUTOS = YES_AGGRESSIVE;
				GCC_WARN_UNUSED_FUNCTION = YES;
				GCC_WARN_UNUSED_VARIABLE = YES;
				IPHONEOS_DEPLOYMENT_TARGET = 12.1;
				MTL_ENABLE_DEBUG_INFO = NO;
				MTL_FAST_MATH = YES;
				SDKROOT = iphoneos;
				SWIFT_COMPILATION_MODE = wholemodule;
				SWIFT_OPTIMIZATION_LEVEL = "-O";
				VALIDATE_PRODUCT = YES;
			};
			name = Release;
		};
		DE12ABE725A73C7C00F2E0C5 /* Debug */ = {
			isa = XCBuildConfiguration;
			baseConfigurationReference = D1F3554FA89CD400E7E6DB29 /* Pods-MoviEveris.debug.xcconfig */;
			buildSettings = {
				ASSETCATALOG_COMPILER_APPICON_NAME = AppIcon;
				CODE_SIGN_STYLE = Automatic;
				INFOPLIST_FILE = MoviEveris/Application/Info.plist;
				LD_RUNPATH_SEARCH_PATHS = (
					"$(inherited)",
					"@executable_path/Frameworks",
				);
				PRODUCT_BUNDLE_IDENTIFIER = com.br.mathias.MoviEveris;
				PRODUCT_NAME = "$(TARGET_NAME)";
				SWIFT_VERSION = 5.0;
				TARGETED_DEVICE_FAMILY = 1;
			};
			name = Debug;
		};
		DE12ABE825A73C7C00F2E0C5 /* Release */ = {
			isa = XCBuildConfiguration;
			baseConfigurationReference = F9DD6F9BE6823B02E76290F2 /* Pods-MoviEveris.release.xcconfig */;
			buildSettings = {
				ASSETCATALOG_COMPILER_APPICON_NAME = AppIcon;
				CODE_SIGN_STYLE = Automatic;
				INFOPLIST_FILE = MoviEveris/Application/Info.plist;
				LD_RUNPATH_SEARCH_PATHS = (
					"$(inherited)",
					"@executable_path/Frameworks",
				);
				PRODUCT_BUNDLE_IDENTIFIER = com.br.mathias.MoviEveris;
				PRODUCT_NAME = "$(TARGET_NAME)";
				SWIFT_VERSION = 5.0;
				TARGETED_DEVICE_FAMILY = 1;
			};
			name = Release;
		};
/* End XCBuildConfiguration section */

/* Begin XCConfigurationList section */
		DE10019625B6143700E0E9D2 /* Build configuration list for PBXNativeTarget "MoviEverisTests" */ = {
			isa = XCConfigurationList;
			buildConfigurations = (
				DE10019725B6143700E0E9D2 /* Debug */,
				DE10019825B6143700E0E9D2 /* Release */,
			);
			defaultConfigurationIsVisible = 0;
			defaultConfigurationName = Release;
		};
		DE12ABCF25A73C7A00F2E0C5 /* Build configuration list for PBXProject "MoviEveris" */ = {
			isa = XCConfigurationList;
			buildConfigurations = (
				DE12ABE425A73C7C00F2E0C5 /* Debug */,
				DE12ABE525A73C7C00F2E0C5 /* Release */,
			);
			defaultConfigurationIsVisible = 0;
			defaultConfigurationName = Release;
		};
		DE12ABE625A73C7C00F2E0C5 /* Build configuration list for PBXNativeTarget "MoviEveris" */ = {
			isa = XCConfigurationList;
			buildConfigurations = (
				DE12ABE725A73C7C00F2E0C5 /* Debug */,
				DE12ABE825A73C7C00F2E0C5 /* Release */,
			);
			defaultConfigurationIsVisible = 0;
			defaultConfigurationName = Release;
		};
/* End XCConfigurationList section */
	};
	rootObject = DE12ABCC25A73C7A00F2E0C5 /* Project object */;
}
